
Microsoft Visual Studio Solution File, Format Version 12.00
# Visual Studio 14
VisualStudioVersion = 14.0.25420.1
MinimumVisualStudioVersion = 10.0.40219.1
Project("{FAE04EC0-301F-11D3-BF4B-00C04F79EFBC}") = "clrStockCrawler", "clrStockCrawler\clrStockCrawler.csproj", "{3ACD3D06-D0E4-404B-ADDE-88C3A5458B61}"
EndProject
Project("{FAE04EC0-301F-11D3-BF4B-00C04F79EFBC}") = "ConsoleApplication2", "ConsoleApplication2\ConsoleApplication2.csproj", "{332C2A59-56DB-432D-8FA6-64F892BD6680}"
EndProject
Global
	GlobalSection(SolutionConfigurationPlatforms) = preSolution
		Debug|Any CPU = Debug|Any CPU
		Release|Any CPU = Release|Any CPU
	EndGlobalSection
	GlobalSection(ProjectConfigurationPlatforms) = postSolution
		{3ACD3D06-D0E4-404B-ADDE-88C3A5458B61}.Debug|Any CPU.ActiveCfg = Debug|Any CPU
		{3ACD3D06-D0E4-404B-ADDE-88C3A5458B61}.Debug|Any CPU.Build.0 = Debug|Any CPU
		{3ACD3D06-D0E4-404B-ADDE-88C3A5458B61}.Release|Any CPU.ActiveCfg = Release|Any CPU
		{3ACD3D06-D0E4-404B-ADDE-88C3A5458B61}.Release|Any CPU.Build.0 = Release|Any CPU
		{332C2A59-56DB-432D-8FA6-64F892BD6680}.Debug|Any CPU.ActiveCfg = Debug|Any CPU
		{332C2A59-56DB-432D-8FA6-64F892BD6680}.Debug|Any CPU.Build.0 = Debug|Any CPU
		{332C2A59-56DB-432D-8FA6-64F892BD6680}.Release|Any CPU.ActiveCfg = Release|Any CPU
		{332C2A59-56DB-432D-8FA6-64F892BD6680}.Release|Any CPU.Build.0 = Release|Any CPU
	EndGlobalSection
	GlobalSection(SolutionProperties) = preSolution
		HideSolutionNode = FALSE
	EndGlobalSection
EndGlobal
